
Microsoft Visual Studio Solution File, Format Version 12.00
# Visual Studio Version 17
VisualStudioVersion = 17.7.34024.191
MinimumVisualStudioVersion = 10.0.40219.1
Project("{FAE04EC0-301F-11D3-BF4B-00C04F79EFBC}") = "EDP_MP3_Keyboard", "EDP_MP3_Keyboard\EDP_MP3_Keyboard.csproj", "{E48416BF-8DE7-487B-BEC8-ADBDB6EB48EE}"
EndProject
Global
	GlobalSection(SolutionConfigurationPlatforms) = preSolution
		Debug|Any CPU = Debug|Any CPU
		Release|Any CPU = Release|Any CPU
	EndGlobalSection
	GlobalSection(ProjectConfigurationPlatforms) = postSolution
		{E48416BF-8DE7-487B-BEC8-ADBDB6EB48EE}.Debug|Any CPU.ActiveCfg = Debug|Any CPU
		{E48416BF-8DE7-487B-BEC8-ADBDB6EB48EE}.Debug|Any CPU.Build.0 = Debug|Any CPU
		{E48416BF-8DE7-487B-BEC8-ADBDB6EB48EE}.Release|Any CPU.ActiveCfg = Release|Any CPU
		{E48416BF-8DE7-487B-BEC8-ADBDB6EB48EE}.Release|Any CPU.Build.0 = Release|Any CPU
	EndGlobalSection
	GlobalSection(SolutionProperties) = preSolution
		HideSolutionNode = FALSE
	EndGlobalSection
	GlobalSection(ExtensibilityGlobals) = postSolution
		SolutionGuid = {E2F4CF85-D148-4473-82C9-74EDB20A815E}
	EndGlobalSection
EndGlobal
